
Microsoft Visual Studio Solution File, Format Version 12.00
# Visual Studio Version 16
VisualStudioVersion = 16.0.32602.291
MinimumVisualStudioVersion = 10.0.40219.1
Project("{9A19103F-16F7-4668-BE54-9A1E7A4F7556}") = "Library.Api", "Library\Library.Api.csproj", "{39E88D90-27F0-4203-9257-F7E1757ADEBA}"
EndProject
Project("{9A19103F-16F7-4668-BE54-9A1E7A4F7556}") = "Library.Data", "Library.Data\Library.Data.csproj", "{241C574E-4698-43BE-9DA9-75CE2B29D676}"
EndProject
Global
	GlobalSection(SolutionConfigurationPlatforms) = preSolution
		Debug|Any CPU = Debug|Any CPU
		Release|Any CPU = Release|Any CPU
	EndGlobalSection
	GlobalSection(ProjectConfigurationPlatforms) = postSolution
		{39E88D90-27F0-4203-9257-F7E1757ADEBA}.Debug|Any CPU.ActiveCfg = Debug|Any CPU
		{39E88D90-27F0-4203-9257-F7E1757ADEBA}.Debug|Any CPU.Build.0 = Debug|Any CPU
		{39E88D90-27F0-4203-9257-F7E1757ADEBA}.Release|Any CPU.ActiveCfg = Release|Any CPU
		{39E88D90-27F0-4203-9257-F7E1757ADEBA}.Release|Any CPU.Build.0 = Release|Any CPU
		{241C574E-4698-43BE-9DA9-75CE2B29D676}.Debug|Any CPU.ActiveCfg = Debug|Any CPU
		{241C574E-4698-43BE-9DA9-75CE2B29D676}.Debug|Any CPU.Build.0 = Debug|Any CPU
		{241C574E-4698-43BE-9DA9-75CE2B29D676}.Release|Any CPU.ActiveCfg = Release|Any CPU
		{241C574E-4698-43BE-9DA9-75CE2B29D676}.Release|Any CPU.Build.0 = Release|Any CPU
	EndGlobalSection
	GlobalSection(SolutionProperties) = preSolution
		HideSolutionNode = FALSE
	EndGlobalSection
	GlobalSection(ExtensibilityGlobals) = postSolution
		SolutionGuid = {B185BB5E-4ED1-43BA-ACCF-44267FD01B37}
	EndGlobalSection
EndGlobal
